
Microsoft Visual Studio Solution File, Format Version 12.00
# Visual Studio Version 16
VisualStudioVersion = 16.0.30611.23
MinimumVisualStudioVersion = 10.0.40219.1
Project("{8BC9CEB8-8B4A-11D0-8D11-00A0C91BC942}") = "VisualObject", "VisualObject\VisualObject.vcxproj", "{2EC7B76B-C6EB-4012-B403-C2EF8D06B0EA}"
EndProject
Global
	GlobalSection(SolutionConfigurationPlatforms) = preSolution
		Debug|x64 = Debug|x64
		Debug|x86 = Debug|x86
		Release|x64 = Release|x64
		Release|x86 = Release|x86
	EndGlobalSection
	GlobalSection(ProjectConfigurationPlatforms) = postSolution
		{2EC7B76B-C6EB-4012-B403-C2EF8D06B0EA}.Debug|x64.ActiveCfg = Debug|x64
		{2EC7B76B-C6EB-4012-B403-C2EF8D06B0EA}.Debug|x64.Build.0 = Debug|x64
		{2EC7B76B-C6EB-4012-B403-C2EF8D06B0EA}.Debug|x86.ActiveCfg = Debug|Win32
		{2EC7B76B-C6EB-4012-B403-C2EF8D06B0EA}.Debug|x86.Build.0 = Debug|Win32
		{2EC7B76B-C6EB-4012-B403-C2EF8D06B0EA}.Release|x64.ActiveCfg = Release|x64
		{2EC7B76B-C6EB-4012-B403-C2EF8D06B0EA}.Release|x64.Build.0 = Release|x64
		{2EC7B76B-C6EB-4012-B403-C2EF8D06B0EA}.Release|x86.ActiveCfg = Release|Win32
		{2EC7B76B-C6EB-4012-B403-C2EF8D06B0EA}.Release|x86.Build.0 = Release|Win32
	EndGlobalSection
	GlobalSection(SolutionProperties) = preSolution
		HideSolutionNode = FALSE
	EndGlobalSection
	GlobalSection(ExtensibilityGlobals) = postSolution
		SolutionGuid = {51C5BC03-5AD2-45D2-B78F-AE8CFCBA39EC}
	EndGlobalSection
EndGlobal
